
Microsoft Visual Studio Solution File, Format Version 12.00
# Visual Studio Version 17
VisualStudioVersion = 17.5.002.0
MinimumVisualStudioVersion = 10.0.40219.1
Project("{9A19103F-16F7-4668-BE54-9A1E7A4F7556}") = "models", "models.csproj", "{54BDAB00-1558-4236-B174-E4728BBB0AF9}"
EndProject
Global
	GlobalSection(SolutionConfigurationPlatforms) = preSolution
		Debug|Any CPU = Debug|Any CPU
		Release|Any CPU = Release|Any CPU
	EndGlobalSection
	GlobalSection(ProjectConfigurationPlatforms) = postSolution
		{54BDAB00-1558-4236-B174-E4728BBB0AF9}.Debug|Any CPU.ActiveCfg = Debug|Any CPU
		{54BDAB00-1558-4236-B174-E4728BBB0AF9}.Debug|Any CPU.Build.0 = Debug|Any CPU
		{54BDAB00-1558-4236-B174-E4728BBB0AF9}.Release|Any CPU.ActiveCfg = Release|Any CPU
		{54BDAB00-1558-4236-B174-E4728BBB0AF9}.Release|Any CPU.Build.0 = Release|Any CPU
	EndGlobalSection
	GlobalSection(SolutionProperties) = preSolution
		HideSolutionNode = FALSE
	EndGlobalSection
	GlobalSection(ExtensibilityGlobals) = postSolution
		SolutionGuid = {622AC989-A1CD-4E9E-8D1F-871EFC5D845B}
	EndGlobalSection
EndGlobal
